[[package]]
name = "core"
source = "path+from-root-7053AAA90CC5E690"

[[package]]
name = "counter-contract"
source = "member"
dependencies = [
    "standards",
    "std",
]

[[package]]
name = "standards"
source = "git+https://github.com/FuelLabs/sway-standards?tag=v0.5.1#e2d5ac40a1d11a9e38e0a662d35141076515319f"
dependencies = ["std"]

[[package]]
name = "std"
source = "git+https://github.com/fuellabs/sway?tag=v0.66.2#31486c0b47669612acb7c64d66ecb50aea281282"
dependencies = ["core"]
